
Microsoft Visual Studio Solution File, Format Version 12.00
# Visual Studio Version 17
VisualStudioVersion = 17.9.34723.18
MinimumVisualStudioVersion = 10.0.40219.1
Project("{9A19103F-16F7-4668-BE54-9A1E7A4F7556}") = "ChallengeApp", "ChallengeApp\ChallengeApp.csproj", "{F1686051-049E-4B77-A343-2599A0CCF213}"
EndProject
Project("{FAE04EC0-301F-11D3-BF4B-00C04F79EFBC}") = "ChallengeApp.Tests", "ChallengeApp.Tests\ChallengeApp.Tests.csproj", "{AA9D8DAD-1419-4947-8BEE-3EC54A0C53F0}"
EndProject
Global
	GlobalSection(SolutionConfigurationPlatforms) = preSolution
		Debug|Any CPU = Debug|Any CPU
		Release|Any CPU = Release|Any CPU
	EndGlobalSection
	GlobalSection(ProjectConfigurationPlatforms) = postSolution
		{F1686051-049E-4B77-A343-2599A0CCF213}.Debug|Any CPU.ActiveCfg = Debug|Any CPU
		{F1686051-049E-4B77-A343-2599A0CCF213}.Debug|Any CPU.Build.0 = Debug|Any CPU
		{F1686051-049E-4B77-A343-2599A0CCF213}.Release|Any CPU.ActiveCfg = Release|Any CPU
		{F1686051-049E-4B77-A343-2599A0CCF213}.Release|Any CPU.Build.0 = Release|Any CPU
		{AA9D8DAD-1419-4947-8BEE-3EC54A0C53F0}.Debug|Any CPU.ActiveCfg = Debug|Any CPU
		{AA9D8DAD-1419-4947-8BEE-3EC54A0C53F0}.Debug|Any CPU.Build.0 = Debug|Any CPU
		{AA9D8DAD-1419-4947-8BEE-3EC54A0C53F0}.Release|Any CPU.ActiveCfg = Release|Any CPU
		{AA9D8DAD-1419-4947-8BEE-3EC54A0C53F0}.Release|Any CPU.Build.0 = Release|Any CPU
	EndGlobalSection
	GlobalSection(SolutionProperties) = preSolution
		HideSolutionNode = FALSE
	EndGlobalSection
	GlobalSection(ExtensibilityGlobals) = postSolution
		SolutionGuid = {FF90A6CE-D9FC-4F60-AB7F-C71CDEAA0134}
	EndGlobalSection
EndGlobal
