
Microsoft Visual Studio Solution File, Format Version 12.00
# Visual Studio Version 17
VisualStudioVersion = 17.9.34723.18
MinimumVisualStudioVersion = 10.0.40219.1
Project("{FAE04EC0-301F-11D3-BF4B-00C04F79EFBC}") = "PierwszaAplikacja", "PierwszaAplikacja\PierwszaAplikacja.csproj", "{04884204-39B5-43C2-A5F7-B3340368C9B0}"
EndProject
Global
	GlobalSection(SolutionConfigurationPlatforms) = preSolution
		Debug|Any CPU = Debug|Any CPU
		Release|Any CPU = Release|Any CPU
	EndGlobalSection
	GlobalSection(ProjectConfigurationPlatforms) = postSolution
		{04884204-39B5-43C2-A5F7-B3340368C9B0}.Debug|Any CPU.ActiveCfg = Debug|Any CPU
		{04884204-39B5-43C2-A5F7-B3340368C9B0}.Debug|Any CPU.Build.0 = Debug|Any CPU
		{04884204-39B5-43C2-A5F7-B3340368C9B0}.Release|Any CPU.ActiveCfg = Release|Any CPU
		{04884204-39B5-43C2-A5F7-B3340368C9B0}.Release|Any CPU.Build.0 = Release|Any CPU
	EndGlobalSection
	GlobalSection(SolutionProperties) = preSolution
		HideSolutionNode = FALSE
	EndGlobalSection
	GlobalSection(ExtensibilityGlobals) = postSolution
		SolutionGuid = {0312BFD4-F7BF-4B2F-968C-03B753013E38}
	EndGlobalSection
EndGlobal
